Microsoft Visual Studio Solution File, Format Version 10.00
# Visual Studio 2008
Project("{FAE04EC0-301F-11D3-BF4B-00C04F79EFBC}") = "NUnitAspEx.2008", "..\..\..\src\NUnitAspEx\NUnitAspEx.2008.csproj", "{AA846899-9DE5-405D-BF3E-3E90F79C3EB8}"
EndProject
Project("{FAE04EC0-301F-11D3-BF4B-00C04F79EFBC}") = "NUnitAspEx.Tests.2008", "..\..\..\test\NUnitAspEx.Tests\NUnitAspEx.Tests.2008.csproj", "{3C93A9F9-2F85-4A4B-941C-4EF64C90C194}"
EndProject
Project("{FAE04EC0-301F-11D3-BF4B-00C04F79EFBC}") = "GuestBook.2008", "src\GuestBook\GuestBook.2008.csproj", "{719EA919-682E-4171-8D5A-F527A2C2DD3F}"
EndProject
Project("{FAE04EC0-301F-11D3-BF4B-00C04F79EFBC}") = "GuestBook.Tests.2008", "test\GuestBook.Tests\GuestBook.Tests.2008.csproj", "{77B6D875-67C3-440D-AF04-A6B726EFE92C}"
EndProject
Global
	GlobalSection(SolutionConfigurationPlatforms) = preSolution
		1.1|Any CPU = 1.1|Any CPU
		2.0|Any CPU = 2.0|Any CPU
	EndGlobalSection
	GlobalSection(ProjectConfigurationPlatforms) = postSolution
		{77B6D875-67C3-440D-AF04-A6B726EFE92C}.1.1|Any CPU.ActiveCfg = 2.0|Any CPU
		{77B6D875-67C3-440D-AF04-A6B726EFE92C}.1.1|Any CPU.Build.0 = 2.0|Any CPU
		{77B6D875-67C3-440D-AF04-A6B726EFE92C}.2.0|Any CPU.ActiveCfg = 2.0|Any CPU
		{77B6D875-67C3-440D-AF04-A6B726EFE92C}.2.0|Any CPU.Build.0 = 2.0|Any CPU
		{719EA919-682E-4171-8D5A-F527A2C2DD3F}.1.1|Any CPU.ActiveCfg = 2.0|Any CPU
		{719EA919-682E-4171-8D5A-F527A2C2DD3F}.1.1|Any CPU.Build.0 = 2.0|Any CPU
		{719EA919-682E-4171-8D5A-F527A2C2DD3F}.2.0|Any CPU.ActiveCfg = 2.0|Any CPU
		{719EA919-682E-4171-8D5A-F527A2C2DD3F}.2.0|Any CPU.Build.0 = 2.0|Any CPU
		{AA846899-9DE5-405D-BF3E-3E90F79C3EB8}.1.1|Any CPU.ActiveCfg = 1.1|Any CPU
		{AA846899-9DE5-405D-BF3E-3E90F79C3EB8}.1.1|Any CPU.Build.0 = 1.1|Any CPU
		{AA846899-9DE5-405D-BF3E-3E90F79C3EB8}.2.0|Any CPU.ActiveCfg = 1.1|Any CPU
		{AA846899-9DE5-405D-BF3E-3E90F79C3EB8}.2.0|Any CPU.Build.0 = 1.1|Any CPU
		{3C93A9F9-2F85-4A4B-941C-4EF64C90C194}.1.1|Any CPU.ActiveCfg = 1.1|Any CPU
		{3C93A9F9-2F85-4A4B-941C-4EF64C90C194}.1.1|Any CPU.Build.0 = 1.1|Any CPU
		{3C93A9F9-2F85-4A4B-941C-4EF64C90C194}.2.0|Any CPU.ActiveCfg = 1.1|Any CPU
		{3C93A9F9-2F85-4A4B-941C-4EF64C90C194}.2.0|Any CPU.Build.0 = 1.1|Any CPU
	EndGlobalSection
	GlobalSection(SolutionProperties) = preSolution
		HideSolutionNode = FALSE
	EndGlobalSection
EndGlobal
